// !$*UTF8*$!
{
	archiveVersion = 1;
	classes = {
	};
	objectVersion = 46;
	objects = {

/* Begin PBXBuildFile section */
		77183D56EF233997E3982B97 /* Pods_HowMuch.framework in Frameworks */ = {isa = PBXBuildFile; fileRef = C93A7241A97F54F20F7970BB /* Pods_HowMuch.framework */; };
		D23867CE1E4625E200EEFFAC /* GoogleService-Info.plist in Resources */ = {isa = PBXBuildFile; fileRef = D23867CD1E4625E200EEFFAC /* GoogleService-Info.plist */; };
		D23867D01E4626EC00EEFFAC /* MyMenuViewController.swift in Sources */ = {isa = PBXBuildFile; fileRef = D23867CF1E4626EC00EEFFAC /* MyMenuViewController.swift */; };
		D23867D21E4627B700EEFFAC /* FBSDKLoginKit.framework in Frameworks */ = {isa = PBXBuildFile; fileRef = D23867D11E4627B700EEFFAC /* FBSDKLoginKit.framework */; };
		D23867D41E4627E000EEFFAC /* FBSDKCoreKit.framework in Frameworks */ = {isa = PBXBuildFile; fileRef = D23867D31E4627E000EEFFAC /* FBSDKCoreKit.framework */; };
		D23867D61E46298E00EEFFAC /* UserViewController.swift in Sources */ = {isa = PBXBuildFile; fileRef = D23867D51E46298E00EEFFAC /* UserViewController.swift */; };
		D23867D81E462C4600EEFFAC /* Bolts.framework in Frameworks */ = {isa = PBXBuildFile; fileRef = D23867D71E462C4600EEFFAC /* Bolts.framework */; };
		D23A65351E465ED100E23314 /* TutorialViewController.swift in Sources */ = {isa = PBXBuildFile; fileRef = D23A65341E465ED100E23314 /* TutorialViewController.swift */; };
		D23A65401E46653F00E23314 /* Tutorial1.xib in Resources */ = {isa = PBXBuildFile; fileRef = D23A653F1E46653F00E23314 /* Tutorial1.xib */; };
		D23A65421E46654900E23314 /* Tutorial1.swift in Sources */ = {isa = PBXBuildFile; fileRef = D23A65411E46654900E23314 /* Tutorial1.swift */; };
		D23A65441E46666000E23314 /* Tutorial2.xib in Resources */ = {isa = PBXBuildFile; fileRef = D23A65431E46666000E23314 /* Tutorial2.xib */; };
		D23A65461E46666800E23314 /* Tutorial3.xib in Resources */ = {isa = PBXBuildFile; fileRef = D23A65451E46666800E23314 /* Tutorial3.xib */; };
		D23A65481E46669900E23314 /* Tutorial3.swift in Sources */ = {isa = PBXBuildFile; fileRef = D23A65471E46669900E23314 /* Tutorial3.swift */; };
		D23A654B1E46729700E23314 /* RestaurantTableViewCell.swift in Sources */ = {isa = PBXBuildFile; fileRef = D23A654A1E46729700E23314 /* RestaurantTableViewCell.swift */; };
		D23A654D1E46775700E23314 /* ActivitiyIndicator.swift in Sources */ = {isa = PBXBuildFile; fileRef = D23A654C1E46775700E23314 /* ActivitiyIndicator.swift */; };
		D25D6F5D1E467C2800D3358A /* MenuTableViewCell.swift in Sources */ = {isa = PBXBuildFile; fileRef = D25D6F5B1E467C2800D3358A /* MenuTableViewCell.swift */; };
		D25D6F5E1E467C2800D3358A /* MenuTableViewCell.xib in Resources */ = {isa = PBXBuildFile; fileRef = D25D6F5C1E467C2800D3358A /* MenuTableViewCell.xib */; };
		D25D6F601E46831200D3358A /* Extensions.swift in Sources */ = {isa = PBXBuildFile; fileRef = D25D6F5F1E46831200D3358A /* Extensions.swift */; };
		D25D6F621E46912500D3358A /* Restaurant.swift in Sources */ = {isa = PBXBuildFile; fileRef = D25D6F611E46912500D3358A /* Restaurant.swift */; };
		D25D6F641E46929300D3358A /* Menu.swift in Sources */ = {isa = PBXBuildFile; fileRef = D25D6F631E46929300D3358A /* Menu.swift */; };
		D25D6F661E46949900D3358A /* History.swift in Sources */ = {isa = PBXBuildFile; fileRef = D25D6F651E46949900D3358A /* History.swift */; };
		D25D6F691E46A38600D3358A /* HistoryTableViewCell.swift in Sources */ = {isa = PBXBuildFile; fileRef = D25D6F671E46A38600D3358A /* HistoryTableViewCell.swift */; };
		D25D6F6A1E46A38600D3358A /* HistoryTableViewCell.xib in Resources */ = {isa = PBXBuildFile; fileRef = D25D6F681E46A38600D3358A /* HistoryTableViewCell.xib */; };
		D25D6F6C1E46D3B600D3358A /* JGAlert.swift in Sources */ = {isa = PBXBuildFile; fileRef = D25D6F6B1E46D3B600D3358A /* JGAlert.swift */; };
		D29E3F391E4616BF00142199 /* MapViewController.swift in Sources */ = {isa = PBXBuildFile; fileRef = D29E3F381E4616BF00142199 /* MapViewController.swift */; };
		D29E3F3B1E46191B00142199 /* InfoView.xib in Resources */ = {isa = PBXBuildFile; fileRef = D29E3F3A1E46191B00142199 /* InfoView.xib */; };
		D29E3F3D1E46192A00142199 /* InfoView.swift in Sources */ = {isa = PBXBuildFile; fileRef = D29E3F3C1E46192A00142199 /* InfoView.swift */; };
		D29E3F3F1E4623CC00142199 /* Color.swift in Sources */ = {isa = PBXBuildFile; fileRef = D29E3F3E1E4623CC00142199 /* Color.swift */; };
		D2BC594F1E457DCB00FE1ECC /* API.swift in Sources */ = {isa = PBXBuildFile; fileRef = D2BC594E1E457DCB00FE1ECC /* API.swift */; };
		D2BC59511E45872B00FE1ECC /* Launch.storyboard in Resources */ = {isa = PBXBuildFile; fileRef = D2BC59501E45872B00FE1ECC /* Launch.storyboard */; };
		D2BDD2FF1E457A2D004ACC76 /* AppDelegate.swift in Sources */ = {isa = PBXBuildFile; fileRef = D2BDD2FE1E457A2D004ACC76 /* AppDelegate.swift */; };
		D2BDD3011E457A2D004ACC76 /* ViewController.swift in Sources */ = {isa = PBXBuildFile; fileRef = D2BDD3001E457A2D004ACC76 /* ViewController.swift */; };
		D2BDD3041E457A2D004ACC76 /* Main.storyboard in Resources */ = {isa = PBXBuildFile; fileRef = D2BDD3021E457A2D004ACC76 /* Main.storyboard */; };
		D2BDD3061E457A2D004ACC76 /* Assets.xcassets in Resources */ = {isa = PBXBuildFile; fileRef = D2BDD3051E457A2D004ACC76 /* Assets.xcassets */; };
		D2BDD3121E457B8D004ACC76 /* LocationManager.swift in Sources */ = {isa = PBXBuildFile; fileRef = D2BDD3111E457B8D004ACC76 /* LocationManager.swift */; };
/* End PBXBuildFile section */

/* Begin PBXFileReference section */
		6BC1AD3F3F20C108361B3BAA /* Pods-HowMuch.debug.xcconfig */ = {isa = PBXFileReference; includeInIndex = 1; lastKnownFileType = text.xcconfig; name = "Pods-HowMuch.debug.xcconfig"; path = "Pods/Target Support Files/Pods-HowMuch/Pods-HowMuch.debug.xcconfig"; sourceTree = "<group>"; };
		C93A7241A97F54F20F7970BB /* Pods_HowMuch.framework */ = {isa = PBXFileReference; explicitFileType = wrapper.framework; includeInIndex = 0; path = Pods_HowMuch.framework; sourceTree = BUILT_PRODUCTS_DIR; };
		D23867CD1E4625E200EEFFAC /* GoogleService-Info.plist */ = {isa = PBXFileReference; fileEncoding = 4; lastKnownFileType = text.plist.xml; path = "GoogleService-Info.plist"; sourceTree = "<group>"; };
		D23867CF1E4626EC00EEFFAC /* MyMenuViewController.swift */ = {isa = PBXFileReference; fileEncoding = 4; lastKnownFileType = sourcecode.swift; name = MyMenuViewController.swift; path = ../MyMenuViewController.swift; sourceTree = "<group>"; };
		D23867D11E4627B700EEFFAC /* FBSDKLoginKit.framework */ = {isa = PBXFileReference; lastKnownFileType = wrapper.framework; path = FBSDKLoginKit.framework; sourceTree = "<group>"; };
		D23867D31E4627E000EEFFAC /* FBSDKCoreKit.framework */ = {isa = PBXFileReference; lastKnownFileType = wrapper.framework; path = FBSDKCoreKit.framework; sourceTree = "<group>"; };
		D23867D51E46298E00EEFFAC /* UserViewController.swift */ = {isa = PBXFileReference; fileEncoding = 4; lastKnownFileType = sourcecode.swift; path = UserViewController.swift; sourceTree = "<group>"; };
		D23867D71E462C4600EEFFAC /* Bolts.framework */ = {isa = PBXFileReference; lastKnownFileType = wrapper.framework; path = Bolts.framework; sourceTree = "<group>"; };
		D23A65341E465ED100E23314 /* TutorialViewController.swift */ = {isa = PBXFileReference; fileEncoding = 4; lastKnownFileType = sourcecode.swift; path = TutorialViewController.swift; sourceTree = "<group>"; };
		D23A653F1E46653F00E23314 /* Tutorial1.xib */ = {isa = PBXFileReference; fileEncoding = 4; lastKnownFileType = file.xib; path = Tutorial1.xib; sourceTree = "<group>"; };
		D23A65411E46654900E23314 /* Tutorial1.swift */ = {isa = PBXFileReference; fileEncoding = 4; lastKnownFileType = sourcecode.swift; path = Tutorial1.swift; sourceTree = "<group>"; };
		D23A65431E46666000E23314 /* Tutorial2.xib */ = {isa = PBXFileReference; fileEncoding = 4; lastKnownFileType = file.xib; path = Tutorial2.xib; sourceTree = "<group>"; };
		D23A65451E46666800E23314 /* Tutorial3.xib */ = {isa = PBXFileReference; fileEncoding = 4; lastKnownFileType = file.xib; path = Tutorial3.xib; sourceTree = "<group>"; };
		D23A65471E46669900E23314 /* Tutorial3.swift */ = {isa = PBXFileReference; fileEncoding = 4; lastKnownFileType = sourcecode.swift; path = Tutorial3.swift; sourceTree = "<group>"; };
		D23A654A1E46729700E23314 /* RestaurantTableViewCell.swift */ = {isa = PBXFileReference; fileEncoding = 4; lastKnownFileType = sourcecode.swift; path = RestaurantTableViewCell.swift; sourceTree = "<group>"; };
		D23A654C1E46775700E23314 /* ActivitiyIndicator.swift */ = {isa = PBXFileReference; fileEncoding = 4; lastKnownFileType = sourcecode.swift; path = ActivitiyIndicator.swift; sourceTree = "<group>"; };
		D25D6F5B1E467C2800D3358A /* MenuTableViewCell.swift */ = {isa = PBXFileReference; fileEncoding = 4; lastKnownFileType = sourcecode.swift; path = MenuTableViewCell.swift; sourceTree = "<group>"; };
		D25D6F5C1E467C2800D3358A /* MenuTableViewCell.xib */ = {isa = PBXFileReference; fileEncoding = 4; lastKnownFileType = file.xib; path = MenuTableViewCell.xib; sourceTree = "<group>"; };
		D25D6F5F1E46831200D3358A /* Extensions.swift */ = {isa = PBXFileReference; fileEncoding = 4; lastKnownFileType = sourcecode.swift; path = Extensions.swift; sourceTree = "<group>"; };
		D25D6F611E46912500D3358A /* Restaurant.swift */ = {isa = PBXFileReference; fileEncoding = 4; lastKnownFileType = sourcecode.swift; path = Restaurant.swift; sourceTree = "<group>"; };
		D25D6F631E46929300D3358A /* Menu.swift */ = {isa = PBXFileReference; fileEncoding = 4; lastKnownFileType = sourcecode.swift; path = Menu.swift; sourceTree = "<group>"; };
		D25D6F651E46949900D3358A /* History.swift */ = {isa = PBXFileReference; fileEncoding = 4; lastKnownFileType = sourcecode.swift; path = History.swift; sourceTree = "<group>"; };
		D25D6F671E46A38600D3358A /* HistoryTableViewCell.swift */ = {isa = PBXFileReference; fileEncoding = 4; lastKnownFileType = sourcecode.swift; path = HistoryTableViewCell.swift; sourceTree = "<group>"; };
		D25D6F681E46A38600D3358A /* HistoryTableViewCell.xib */ = {isa = PBXFileReference; fileEncoding = 4; lastKnownFileType = file.xib; path = HistoryTableViewCell.xib; sourceTree = "<group>"; };
		D25D6F6B1E46D3B600D3358A /* JGAlert.swift */ = {isa = PBXFileReference; fileEncoding = 4; lastKnownFileType = sourcecode.swift; path = JGAlert.swift; sourceTree = "<group>"; };
		D29E3F381E4616BF00142199 /* MapViewController.swift */ = {isa = PBXFileReference; fileEncoding = 4; lastKnownFileType = sourcecode.swift; path = MapViewController.swift; sourceTree = "<group>"; };
		D29E3F3A1E46191B00142199 /* InfoView.xib */ = {isa = PBXFileReference; fileEncoding = 4; lastKnownFileType = file.xib; path = InfoView.xib; sourceTree = "<group>"; };
		D29E3F3C1E46192A00142199 /* InfoView.swift */ = {isa = PBXFileReference; fileEncoding = 4; lastKnownFileType = sourcecode.swift; path = InfoView.swift; sourceTree = "<group>"; };
		D29E3F3E1E4623CC00142199 /* Color.swift */ = {isa = PBXFileReference; fileEncoding = 4; lastKnownFileType = sourcecode.swift; path = Color.swift; sourceTree = "<group>"; };
		D2BC594E1E457DCB00FE1ECC /* API.swift */ = {isa = PBXFileReference; fileEncoding = 4; lastKnownFileType = sourcecode.swift; path = API.swift; sourceTree = "<group>"; };
		D2BC59501E45872B00FE1ECC /* Launch.storyboard */ = {isa = PBXFileReference; fileEncoding = 4; lastKnownFileType = file.storyboard; path = Launch.storyboard; sourceTree = "<group>"; };
		D2BDD2FB1E457A2D004ACC76 /* HowMuch.app */ = {isa = PBXFileReference; explicitFileType = wrapper.application; includeInIndex = 0; path = HowMuch.app; sourceTree = BUILT_PRODUCTS_DIR; };
		D2BDD2FE1E457A2D004ACC76 /* AppDelegate.swift */ = {isa = PBXFileReference; lastKnownFileType = sourcecode.swift; path = AppDelegate.swift; sourceTree = "<group>"; };
		D2BDD3001E457A2D004ACC76 /* ViewController.swift */ = {isa = PBXFileReference; lastKnownFileType = sourcecode.swift; path = ViewController.swift; sourceTree = "<group>"; };
		D2BDD3031E457A2D004ACC76 /* Base */ = {isa = PBXFileReference; lastKnownFileType = file.storyboard; name = Base; path = Base.lproj/Main.storyboard; sourceTree = "<group>"; };
		D2BDD3051E457A2D004ACC76 /* Assets.xcassets */ = {isa = PBXFileReference; lastKnownFileType = folder.assetcatalog; path = Assets.xcassets; sourceTree = "<group>"; };
		D2BDD30A1E457A2D004ACC76 /* Info.plist */ = {isa = PBXFileReference; lastKnownFileType = text.plist.xml; path = Info.plist; sourceTree = "<group>"; };
		D2BDD3111E457B8D004ACC76 /* LocationManager.swift */ = {isa = PBXFileReference; fileEncoding = 4; lastKnownFileType = sourcecode.swift; path = LocationManager.swift; sourceTree = "<group>"; };
		E11A4BC7DBD032E549401309 /* Pods-HowMuch.release.xcconfig */ = {isa = PBXFileReference; includeInIndex = 1; lastKnownFileType = text.xcconfig; name = "Pods-HowMuch.release.xcconfig"; path = "Pods/Target Support Files/Pods-HowMuch/Pods-HowMuch.release.xcconfig"; sourceTree = "<group>"; };
/* End PBXFileReference section */

/* Begin PBXFrameworksBuildPhase section */
		D2BDD2F81E457A2D004ACC76 /* Frameworks */ = {
			isa = PBXFrameworksBuildPhase;
			buildActionMask = 2147483647;
			files = (
				D23867D21E4627B700EEFFAC /* FBSDKLoginKit.framework in Frameworks */,
				D23867D41E4627E000EEFFAC /* FBSDKCoreKit.framework in Frameworks */,
				77183D56EF233997E3982B97 /* Pods_HowMuch.framework in Frameworks */,
				D23867D81E462C4600EEFFAC /* Bolts.framework in Frameworks */,
			);
			runOnlyForDeploymentPostprocessing = 0;
		};
/* End PBXFrameworksBuildPhase section */

/* Begin PBXGroup section */
		57DA02BE8317D4E6B22B8EB5 /* Frameworks */ = {
			isa = PBXGroup;
			children = (
				D23867D71E462C4600EEFFAC /* Bolts.framework */,
				D23867D31E4627E000EEFFAC /* FBSDKCoreKit.framework */,
				D23867D11E4627B700EEFFAC /* FBSDKLoginKit.framework */,
				C93A7241A97F54F20F7970BB /* Pods_HowMuch.framework */,
			);
			name = Frameworks;
			sourceTree = "<group>";
		};
		CD4C31FDA845BB95D3CFEC9E /* Pods */ = {
			isa = PBXGroup;
			children = (
				6BC1AD3F3F20C108361B3BAA /* Pods-HowMuch.debug.xcconfig */,
				E11A4BC7DBD032E549401309 /* Pods-HowMuch.release.xcconfig */,
			);
			name = Pods;
			sourceTree = "<group>";
		};
		D23A65361E46647000E23314 /* TutorialPage */ = {
			isa = PBXGroup;
			children = (
				D23A653F1E46653F00E23314 /* Tutorial1.xib */,
				D23A65471E46669900E23314 /* Tutorial3.swift */,
				D23A65411E46654900E23314 /* Tutorial1.swift */,
				D23A65431E46666000E23314 /* Tutorial2.xib */,
				D23A65451E46666800E23314 /* Tutorial3.xib */,
			);
			name = TutorialPage;
			sourceTree = "<group>";
		};
		D23A65491E46728B00E23314 /* Cell */ = {
			isa = PBXGroup;
			children = (
				D23A654A1E46729700E23314 /* RestaurantTableViewCell.swift */,
				D25D6F5B1E467C2800D3358A /* MenuTableViewCell.swift */,
				D25D6F5C1E467C2800D3358A /* MenuTableViewCell.xib */,
				D25D6F671E46A38600D3358A /* HistoryTableViewCell.swift */,
				D25D6F681E46A38600D3358A /* HistoryTableViewCell.xib */,
			);
			name = Cell;
			sourceTree = "<group>";
		};
		D2BDD2F21E457A2D004ACC76 = {
			isa = PBXGroup;
			children = (
				D2BDD2FD1E457A2D004ACC76 /* HowMuch */,
				D2BDD2FC1E457A2D004ACC76 /* Products */,
				CD4C31FDA845BB95D3CFEC9E /* Pods */,
				57DA02BE8317D4E6B22B8EB5 /* Frameworks */,
			);
			sourceTree = "<group>";
		};
		D2BDD2FC1E457A2D004ACC76 /* Products */ = {
			isa = PBXGroup;
			children = (
				D2BDD2FB1E457A2D004ACC76 /* HowMuch.app */,
			);
			name = Products;
			sourceTree = "<group>";
		};
		D2BDD2FD1E457A2D004ACC76 /* HowMuch */ = {
			isa = PBXGroup;
			children = (
				D23A65491E46728B00E23314 /* Cell */,
				D23A65361E46647000E23314 /* TutorialPage */,
				D2BDD3101E457B81004ACC76 /* Model */,
				D2BDD2FE1E457A2D004ACC76 /* AppDelegate.swift */,
				D2BDD3001E457A2D004ACC76 /* ViewController.swift */,
				D2BDD3021E457A2D004ACC76 /* Main.storyboard */,
				D23867CF1E4626EC00EEFFAC /* MyMenuViewController.swift */,
				D2BDD3051E457A2D004ACC76 /* Assets.xcassets */,
				D2BDD30A1E457A2D004ACC76 /* Info.plist */,
				D2BC59501E45872B00FE1ECC /* Launch.storyboard */,
				D29E3F381E4616BF00142199 /* MapViewController.swift */,
				D29E3F3A1E46191B00142199 /* InfoView.xib */,
				D29E3F3C1E46192A00142199 /* InfoView.swift */,
				D23867CD1E4625E200EEFFAC /* GoogleService-Info.plist */,
				D23867D51E46298E00EEFFAC /* UserViewController.swift */,
				D23A65341E465ED100E23314 /* TutorialViewController.swift */,
				D23A654C1E46775700E23314 /* ActivitiyIndicator.swift */,
				D25D6F5F1E46831200D3358A /* Extensions.swift */,
				D25D6F6B1E46D3B600D3358A /* JGAlert.swift */,
			);
			path = HowMuch;
			sourceTree = "<group>";
		};
		D2BDD3101E457B81004ACC76 /* Model */ = {
			isa = PBXGroup;
			children = (
				D2BDD3111E457B8D004ACC76 /* LocationManager.swift */,
				D2BC594E1E457DCB00FE1ECC /* API.swift */,
				D29E3F3E1E4623CC00142199 /* Color.swift */,
				D25D6F611E46912500D3358A /* Restaurant.swift */,
				D25D6F631E46929300D3358A /* Menu.swift */,
				D25D6F651E46949900D3358A /* History.swift */,
			);
			name = Model;
			sourceTree = "<group>";
		};
/* End PBXGroup section */

/* Begin PBXNativeTarget section */
		D2BDD2FA1E457A2D004ACC76 /* HowMuch */ = {
			isa = PBXNativeTarget;
			buildConfigurationList = D2BDD30D1E457A2D004ACC76 /* Build configuration list for PBXNativeTarget "HowMuch" */;
			buildPhases = (
				4A363BB3AA623214C20B7D84 /* [CP] Check Pods Manifest.lock */,
				D2BDD2F71E457A2D004ACC76 /* Sources */,
				D2BDD2F81E457A2D004ACC76 /* Frameworks */,
				D2BDD2F91E457A2D004ACC76 /* Resources */,
				6AAB537C1A877B0BB2DA49FD /* [CP] Embed Pods Frameworks */,
				B11D087389D65F4ED056DBB1 /* [CP] Copy Pods Resources */,
			);
			buildRules = (
			);
			dependencies = (
			);
			name = HowMuch;
			productName = HowMuch;
			productReference = D2BDD2FB1E457A2D004ACC76 /* HowMuch.app */;
			productType = "com.apple.product-type.application";
		};
/* End PBXNativeTarget section */

/* Begin PBXProject section */
		D2BDD2F31E457A2D004ACC76 /* Project object */ = {
			isa = PBXProject;
			attributes = {
				LastSwiftUpdateCheck = 0820;
				LastUpgradeCheck = 0820;
				ORGANIZATIONNAME = Group.name;
				TargetAttributes = {
					D2BDD2FA1E457A2D004ACC76 = {
						CreatedOnToolsVersion = 8.2.1;
						DevelopmentTeam = VQJM9GW22Y;
						ProvisioningStyle = Automatic;
					};
				};
			};
			buildConfigurationList = D2BDD2F61E457A2D004ACC76 /* Build configuration list for PBXProject "HowMuch" */;
			compatibilityVersion = "Xcode 3.2";
			developmentRegion = English;
			hasScannedForEncodings = 0;
			knownRegions = (
				en,
				Base,
			);
			mainGroup = D2BDD2F21E457A2D004ACC76;
			productRefGroup = D2BDD2FC1E457A2D004ACC76 /* Products */;
			projectDirPath = "";
			projectRoot = "";
			targets = (
				D2BDD2FA1E457A2D004ACC76 /* HowMuch */,
			);
		};
/* End PBXProject section */

/* Begin PBXResourcesBuildPhase section */
		D2BDD2F91E457A2D004ACC76 /* Resources */ = {
			isa = PBXResourcesBuildPhase;
			buildActionMask = 2147483647;
			files = (
				D25D6F5E1E467C2800D3358A /* MenuTableViewCell.xib in Resources */,
				D29E3F3B1E46191B00142199 /* InfoView.xib in Resources */,
				D23A65401E46653F00E23314 /* Tutorial1.xib in Resources */,
				D23A65441E46666000E23314 /* Tutorial2.xib in Resources */,
				D2BDD3061E457A2D004ACC76 /* Assets.xcassets in Resources */,
				D23867CE1E4625E200EEFFAC /* GoogleService-Info.plist in Resources */,
				D25D6F6A1E46A38600D3358A /* HistoryTableViewCell.xib in Resources */,
				D23A65461E46666800E23314 /* Tutorial3.xib in Resources */,
				D2BDD3041E457A2D004ACC76 /* Main.storyboard in Resources */,
				D2BC59511E45872B00FE1ECC /* Launch.storyboard in Resources */,
			);
			runOnlyForDeploymentPostprocessing = 0;
		};
/* End PBXResourcesBuildPhase section */

/* Begin PBXShellScriptBuildPhase section */
		4A363BB3AA623214C20B7D84 /* [CP] Check Pods Manifest.lock */ = {
			isa = PBXShellScriptBuildPhase;
			buildActionMask = 2147483647;
			files = (
			);
			inputPaths = (
			);
			name = "[CP] Check Pods Manifest.lock";
			outputPaths = (
			);
			runOnlyForDeploymentPostprocessing = 0;
			shellPath = /bin/sh;
			shellScript = "diff \"${PODS_ROOT}/../Podfile.lock\" \"${PODS_ROOT}/Manifest.lock\" > /dev/null\nif [ $? != 0 ] ; then\n    # print error to STDERR\n    echo \"error: The sandbox is not in sync with the Podfile.lock. Run 'pod install' or update your CocoaPods installation.\" >&2\n    exit 1\nfi\n";
			showEnvVarsInLog = 0;
		};
		6AAB537C1A877B0BB2DA49FD /* [CP] Embed Pods Frameworks */ = {
			isa = PBXShellScriptBuildPhase;
			buildActionMask = 2147483647;
			files = (
			);
			inputPaths = (
			);
			name = "[CP] Embed Pods Frameworks";
			outputPaths = (
			);
			runOnlyForDeploymentPostprocessing = 0;
			shellPath = /bin/sh;
			shellScript = "\"${SRCROOT}/Pods/Target Support Files/Pods-HowMuch/Pods-HowMuch-frameworks.sh\"\n";
			showEnvVarsInLog = 0;
		};
		B11D087389D65F4ED056DBB1 /* [CP] Copy Pods Resources */ = {
			isa = PBXShellScriptBuildPhase;
			buildActionMask = 2147483647;
			files = (
			);
			inputPaths = (
			);
			name = "[CP] Copy Pods Resources";
			outputPaths = (
			);
			runOnlyForDeploymentPostprocessing = 0;
			shellPath = /bin/sh;
			shellScript = "\"${SRCROOT}/Pods/Target Support Files/Pods-HowMuch/Pods-HowMuch-resources.sh\"\n";
			showEnvVarsInLog = 0;
		};
/* End PBXShellScriptBuildPhase section */

/* Begin PBXSourcesBuildPhase section */
		D2BDD2F71E457A2D004ACC76 /* Sources */ = {
			isa = PBXSourcesBuildPhase;
			buildActionMask = 2147483647;
			files = (
				D2BDD3011E457A2D004ACC76 /* ViewController.swift in Sources */,
				D23A65481E46669900E23314 /* Tutorial3.swift in Sources */,
				D25D6F661E46949900D3358A /* History.swift in Sources */,
				D23867D61E46298E00EEFFAC /* UserViewController.swift in Sources */,
				D23A65351E465ED100E23314 /* TutorialViewController.swift in Sources */,
				D23A654D1E46775700E23314 /* ActivitiyIndicator.swift in Sources */,
				D2BDD2FF1E457A2D004ACC76 /* AppDelegate.swift in Sources */,
				D25D6F641E46929300D3358A /* Menu.swift in Sources */,
				D29E3F3F1E4623CC00142199 /* Color.swift in Sources */,
				D2BC594F1E457DCB00FE1ECC /* API.swift in Sources */,
				D29E3F391E4616BF00142199 /* MapViewController.swift in Sources */,
				D29E3F3D1E46192A00142199 /* InfoView.swift in Sources */,
				D2BDD3121E457B8D004ACC76 /* LocationManager.swift in Sources */,
				D25D6F601E46831200D3358A /* Extensions.swift in Sources */,
				D25D6F691E46A38600D3358A /* HistoryTableViewCell.swift in Sources */,
				D23867D01E4626EC00EEFFAC /* MyMenuViewController.swift in Sources */,
				D25D6F6C1E46D3B600D3358A /* JGAlert.swift in Sources */,
				D23A654B1E46729700E23314 /* RestaurantTableViewCell.swift in Sources */,
				D25D6F621E46912500D3358A /* Restaurant.swift in Sources */,
				D23A65421E46654900E23314 /* Tutorial1.swift in Sources */,
				D25D6F5D1E467C2800D3358A /* MenuTableViewCell.swift in Sources */,
			);
			runOnlyForDeploymentPostprocessing = 0;
		};
/* End PBXSourcesBuildPhase section */

/* Begin PBXVariantGroup section */
		D2BDD3021E457A2D004ACC76 /* Main.storyboard */ = {
			isa = PBXVariantGroup;
			children = (
				D2BDD3031E457A2D004ACC76 /* Base */,
			);
			name = Main.storyboard;
			sourceTree = "<group>";
		};
/* End PBXVariantGroup section */

/* Begin XCBuildConfiguration section */
		D2BDD30B1E457A2D004ACC76 /* Debug */ = {
			isa = XCBuildConfiguration;
			buildSettings = {
				ALWAYS_SEARCH_USER_PATHS = NO;
				CLANG_ANALYZER_NONNULL = YES;
				CLANG_CXX_LANGUAGE_STANDARD = "gnu++0x";
				CLANG_CXX_LIBRARY = "libc++";
				CLANG_ENABLE_MODULES = YES;
				CLANG_ENABLE_OBJC_ARC = YES;
				CLANG_WARN_BOOL_CONVERSION = YES;
				CLANG_WARN_CONSTANT_CONVERSION = YES;
				CLANG_WARN_DIRECT_OBJC_ISA_USAGE = YES_ERROR;
				CLANG_WARN_DOCUMENTATION_COMMENTS = YES;
				CLANG_WARN_EMPTY_BODY = YES;
				CLANG_WARN_ENUM_CONVERSION = YES;
				CLANG_WARN_INFINITE_RECURSION = YES;
				CLANG_WARN_INT_CONVERSION = YES;
				CLANG_WARN_OBJC_ROOT_CLASS = YES_ERROR;
				CLANG_WARN_SUSPICIOUS_MOVE = YES;
				CLANG_WARN_UNREACHABLE_CODE = YES;
				CLANG_WARN__DUPLICATE_METHOD_MATCH = YES;
				"CODE_SIGN_IDENTITY[sdk=iphoneos*]" = "iPhone Developer";
				COPY_PHASE_STRIP = NO;
				DEBUG_INFORMATION_FORMAT = dwarf;
				ENABLE_STRICT_OBJC_MSGSEND = YES;
				ENABLE_TESTABILITY = YES;
				GCC_C_LANGUAGE_STANDARD = gnu99;
				GCC_DYNAMIC_NO_PIC = NO;
				GCC_NO_COMMON_BLOCKS = YES;
				GCC_OPTIMIZATION_LEVEL = 0;
				GCC_PREPROCESSOR_DEFINITIONS = (
					"DEBUG=1",
					"$(inherited)",
				);
				GCC_WARN_64_TO_32_BIT_CONVERSION = YES;
				GCC_WARN_ABOUT_RETURN_TYPE = YES_ERROR;
				GCC_WARN_UNDECLARED_SELECTOR = YES;
				GCC_WARN_UNINITIALIZED_AUTOS = YES_AGGRESSIVE;
				GCC_WARN_UNUSED_FUNCTION = YES;
				GCC_WARN_UNUSED_VARIABLE = YES;
				IPHONEOS_DEPLOYMENT_TARGET = 10.2;
				MTL_ENABLE_DEBUG_INFO = YES;
				ONLY_ACTIVE_ARCH = YES;
				SDKROOT = iphoneos;
				SWIFT_ACTIVE_COMPILATION_CONDITIONS = DEBUG;
				SWIFT_OPTIMIZATION_LEVEL = "-Onone";
			};
			name = Debug;
		};
		D2BDD30C1E457A2D004ACC76 /* Release */ = {
			isa = XCBuildConfiguration;
			buildSettings = {
				ALWAYS_SEARCH_USER_PATHS = NO;
				CLANG_ANALYZER_NONNULL = YES;
				CLANG_CXX_LANGUAGE_STANDARD = "gnu++0x";
				CLANG_CXX_LIBRARY = "libc++";
				CLANG_ENABLE_MODULES = YES;
				CLANG_ENABLE_OBJC_ARC = YES;
				CLANG_WARN_BOOL_CONVERSION = YES;
				CLANG_WARN_CONSTANT_CONVERSION = YES;
				CLANG_WARN_DIRECT_OBJC_ISA_USAGE = YES_ERROR;
				CLANG_WARN_DOCUMENTATION_COMMENTS = YES;
				CLANG_WARN_EMPTY_BODY = YES;
				CLANG_WARN_ENUM_CONVERSION = YES;
				CLANG_WARN_INFINITE_RECURSION = YES;
				CLANG_WARN_INT_CONVERSION = YES;
				CLANG_WARN_OBJC_ROOT_CLASS = YES_ERROR;
				CLANG_WARN_SUSPICIOUS_MOVE = YES;
				CLANG_WARN_UNREACHABLE_CODE = YES;
				CLANG_WARN__DUPLICATE_METHOD_MATCH = YES;
				"CODE_SIGN_IDENTITY[sdk=iphoneos*]" = "iPhone Developer";
				COPY_PHASE_STRIP = NO;
				DEBUG_INFORMATION_FORMAT = "dwarf-with-dsym";
				ENABLE_NS_ASSERTIONS = NO;
				ENABLE_STRICT_OBJC_MSGSEND = YES;
				GCC_C_LANGUAGE_STANDARD = gnu99;
				GCC_NO_COMMON_BLOCKS = YES;
				GCC_WARN_64_TO_32_BIT_CONVERSION = YES;
				GCC_WARN_ABOUT_RETURN_TYPE = YES_ERROR;
				GCC_WARN_UNDECLARED_SELECTOR = YES;
				GCC_WARN_UNINITIALIZED_AUTOS = YES_AGGRESSIVE;
				GCC_WARN_UNUSED_FUNCTION = YES;
				GCC_WARN_UNUSED_VARIABLE = YES;
				IPHONEOS_DEPLOYMENT_TARGET = 10.2;
				MTL_ENABLE_DEBUG_INFO = NO;
				SDKROOT = iphoneos;
				SWIFT_OPTIMIZATION_LEVEL = "-Owholemodule";
				VALIDATE_PRODUCT = YES;
			};
			name = Release;
		};
		D2BDD30E1E457A2D004ACC76 /* Debug */ = {
			isa = XCBuildConfiguration;
			baseConfigurationReference = 6BC1AD3F3F20C108361B3BAA /* Pods-HowMuch.debug.xcconfig */;
			buildSettings = {
				ASSETCATALOG_COMPILER_APPICON_NAME = AppIcon;
				DEVELOPMENT_TEAM = VQJM9GW22Y;
				FRAMEWORK_SEARCH_PATHS = (
					"$(inherited)",
					"$(PROJECT_DIR)",
				);
				INFOPLIST_FILE = HowMuch/Info.plist;
				LD_RUNPATH_SEARCH_PATHS = "$(inherited) @executable_path/Frameworks";
				PRODUCT_BUNDLE_IDENTIFIER = com.groupname.howmuch.HowMuch;
				PRODUCT_NAME = "$(TARGET_NAME)";
				SWIFT_VERSION = 3.0;
			};
			name = Debug;
		};
		D2BDD30F1E457A2D004ACC76 /* Release */ = {
			isa = XCBuildConfiguration;
			baseConfigurationReference = E11A4BC7DBD032E549401309 /* Pods-HowMuch.release.xcconfig */;
			buildSettings = {
				ASSETCATALOG_COMPILER_APPICON_NAME = AppIcon;
				DEVELOPMENT_TEAM = VQJM9GW22Y;
				FRAMEWORK_SEARCH_PATHS = (
					"$(inherited)",
					"$(PROJECT_DIR)",
				);
				INFOPLIST_FILE = HowMuch/Info.plist;
				LD_RUNPATH_SEARCH_PATHS = "$(inherited) @executable_path/Frameworks";
				PRODUCT_BUNDLE_IDENTIFIER = com.groupname.howmuch.HowMuch;
				PRODUCT_NAME = "$(TARGET_NAME)";
				SWIFT_VERSION = 3.0;
			};
			name = Release;
		};
/* End XCBuildConfiguration section */

/* Begin XCConfigurationList section */
		D2BDD2F61E457A2D004ACC76 /* Build configuration list for PBXProject "HowMuch" */ = {
			isa = XCConfigurationList;
			buildConfigurations = (
				D2BDD30B1E457A2D004ACC76 /* Debug */,
				D2BDD30C1E457A2D004ACC76 /* Release */,
			);
			defaultConfigurationIsVisible = 0;
			defaultConfigurationName = Release;
		};
		D2BDD30D1E457A2D004ACC76 /* Build configuration list for PBXNativeTarget "HowMuch" */ = {
			isa = XCConfigurationList;
			buildConfigurations = (
				D2BDD30E1E457A2D004ACC76 /* Debug */,
				D2BDD30F1E457A2D004ACC76 /* Release */,
			);
			defaultConfigurationIsVisible = 0;
			defaultConfigurationName = Release;
		};
/* End XCConfigurationList section */
	};
	rootObject = D2BDD2F31E457A2D004ACC76 /* Project object */;
}
